
Microsoft Visual Studio Solution File, Format Version 12.00
# Visual Studio Version 16
VisualStudioVersion = 25.0.1706.14
MinimumVisualStudioVersion = 10.0.40219.1
Project("{FAE04EC0-301F-11D3-BF4B-00C04F79EFBC}") = "1-Giris", "1-Giris\1-Giris.csproj", "{66E28EE7-45DB-48D1-A27F-C8D3FE228063}"
EndProject
Project("{FAE04EC0-301F-11D3-BF4B-00C04F79EFBC}") = "2-ClassOrnekleri", "2-ClassOrnekleri\2-ClassOrnekleri.csproj", "{2C9D9DF2-C53F-4BF2-91BF-D2248AF5A1F4}"
EndProject
Project("{FAE04EC0-301F-11D3-BF4B-00C04F79EFBC}") = "3-ClassLibrary", "3-ClassLibrary\3-ClassLibrary.csproj", "{068E2AAB-3350-4D98-8CCC-1FDB620CF100}"
EndProject
Project("{FAE04EC0-301F-11D3-BF4B-00C04F79EFBC}") = "4-LibraryKullanimi", "4-LibraryKullanimi\4-LibraryKullanimi.csproj", "{FB9BCA65-4A59-407B-AEA1-7B435498740B}"
EndProject
Project("{FAE04EC0-301F-11D3-BF4B-00C04F79EFBC}") = "5-Kalitim", "5-Kalitim\5-Kalitim.csproj", "{8BDFF5A2-8757-48F6-95E0-74D23AAD681D}"
EndProject
Project("{FAE04EC0-301F-11D3-BF4B-00C04F79EFBC}") = "6-ObjectSinifi", "6-ObjectSinifi\6-ObjectSinifi.csproj", "{96942C0C-4F62-4D9C-93F1-A923B144F1D2}"
EndProject
Project("{FAE04EC0-301F-11D3-BF4B-00C04F79EFBC}") = "7-SingletonPattern", "7-SingletonPattern\7-SingletonPattern.csproj", "{8F0F86E2-7762-46B7-B021-60FD004CBE77}"
EndProject
Project("{FAE04EC0-301F-11D3-BF4B-00C04F79EFBC}") = "8-KalitimTekrar", "8-KalitimTekrar\8-KalitimTekrar.csproj", "{00E71251-40E7-4AAD-8684-A474E88EA0F2}"
EndProject
Project("{FAE04EC0-301F-11D3-BF4B-00C04F79EFBC}") = "9-Polimorfizm", "9-Polimorfizm\9-Polimorfizm.csproj", "{D6DFC45F-F169-4441-9E84-6EA934F6B583}"
EndProject
Project("{FAE04EC0-301F-11D3-BF4B-00C04F79EFBC}") = "10-SoyutlamaAbstract", "10-SoyutlamaAbstract\10-SoyutlamaAbstract.csproj", "{6727C847-9E10-4B1E-B5DD-85CB91E6E16C}"
EndProject
Project("{FAE04EC0-301F-11D3-BF4B-00C04F79EFBC}") = "11-Interface", "11-Interface\11-Interface.csproj", "{96389166-B9F7-49D7-8B65-EA28804ECAA4}"
EndProject
Project("{FAE04EC0-301F-11D3-BF4B-00C04F79EFBC}") = "12-InterfaceLab", "12-InterfaceLab\12-InterfaceLab.csproj", "{85DE5E59-CB16-408F-B8A9-BEAA924F9AA8}"
EndProject
Project("{FAE04EC0-301F-11D3-BF4B-00C04F79EFBC}") = "12-InsanKaynaklari", "12-InsanKaynaklari\12-InsanKaynaklari.csproj", "{C550E8A2-66B9-4132-B259-684B1E9C4844}"
EndProject
Project("{FAE04EC0-301F-11D3-BF4B-00C04F79EFBC}") = "14-PArtialClass", "14-PArtialClass\14-PArtialClass.csproj", "{5E5963DE-1539-4296-9129-C982066910C8}"
EndProject
Project("{FAE04EC0-301F-11D3-BF4B-00C04F79EFBC}") = "15-SealedClass", "15-SealedClass\15-SealedClass.csproj", "{20AC8343-1E56-490C-85A6-230C44CD3F88}"
EndProject
Project("{FAE04EC0-301F-11D3-BF4B-00C04F79EFBC}") = "16-ExtensionMetodlar", "16-ExtensionMetodlar\16-ExtensionMetodlar.csproj", "{94723476-5095-42D3-82E4-6EF912DDB9DB}"
EndProject
Project("{FAE04EC0-301F-11D3-BF4B-00C04F79EFBC}") = "17-NorthwindSample", "NorthwindSample\17-NorthwindSample.csproj", "{575B23DD-5652-4EAE-AF02-D79D5F0FD5E2}"
EndProject
Project("{FAE04EC0-301F-11D3-BF4B-00C04F79EFBC}") = "18-DapperSampleAndRepositeryPattern", "18-DapperSampleAndRepositeryPattern\18-DapperSampleAndRepositeryPattern.csproj", "{6F2D9A89-BF21-4CB7-9E65-AA5C9F7C0697}"
EndProject
Project("{FAE04EC0-301F-11D3-BF4B-00C04F79EFBC}") = "SoruCevap", "SoruCevap\SoruCevap.csproj", "{4E5DB2BA-8C8D-4BFA-8F4D-196C22586446}"
EndProject
Project("{FAE04EC0-301F-11D3-BF4B-00C04F79EFBC}") = "21-GenelTekrar", "21-GenelTekrar\21-GenelTekrar.csproj", "{DFFCE0C7-6DBD-43C1-96A2-B967C751385A}"
EndProject
Global
	GlobalSection(SolutionConfigurationPlatforms) = preSolution
		Debug|Any CPU = Debug|Any CPU
		Release|Any CPU = Release|Any CPU
	EndGlobalSection
	GlobalSection(ProjectConfigurationPlatforms) = postSolution
		{66E28EE7-45DB-48D1-A27F-C8D3FE228063}.Debug|Any CPU.ActiveCfg = Debug|Any CPU
		{66E28EE7-45DB-48D1-A27F-C8D3FE228063}.Debug|Any CPU.Build.0 = Debug|Any CPU
		{66E28EE7-45DB-48D1-A27F-C8D3FE228063}.Release|Any CPU.ActiveCfg = Release|Any CPU
		{66E28EE7-45DB-48D1-A27F-C8D3FE228063}.Release|Any CPU.Build.0 = Release|Any CPU
		{2C9D9DF2-C53F-4BF2-91BF-D2248AF5A1F4}.Debug|Any CPU.ActiveCfg = Debug|Any CPU
		{2C9D9DF2-C53F-4BF2-91BF-D2248AF5A1F4}.Debug|Any CPU.Build.0 = Debug|Any CPU
		{2C9D9DF2-C53F-4BF2-91BF-D2248AF5A1F4}.Release|Any CPU.ActiveCfg = Release|Any CPU
		{2C9D9DF2-C53F-4BF2-91BF-D2248AF5A1F4}.Release|Any CPU.Build.0 = Release|Any CPU
		{068E2AAB-3350-4D98-8CCC-1FDB620CF100}.Debug|Any CPU.ActiveCfg = Debug|Any CPU
		{068E2AAB-3350-4D98-8CCC-1FDB620CF100}.Debug|Any CPU.Build.0 = Debug|Any CPU
		{068E2AAB-3350-4D98-8CCC-1FDB620CF100}.Release|Any CPU.ActiveCfg = Release|Any CPU
		{068E2AAB-3350-4D98-8CCC-1FDB620CF100}.Release|Any CPU.Build.0 = Release|Any CPU
		{FB9BCA65-4A59-407B-AEA1-7B435498740B}.Debug|Any CPU.ActiveCfg = Debug|Any CPU
		{FB9BCA65-4A59-407B-AEA1-7B435498740B}.Debug|Any CPU.Build.0 = Debug|Any CPU
		{FB9BCA65-4A59-407B-AEA1-7B435498740B}.Release|Any CPU.ActiveCfg = Release|Any CPU
		{FB9BCA65-4A59-407B-AEA1-7B435498740B}.Release|Any CPU.Build.0 = Release|Any CPU
		{8BDFF5A2-8757-48F6-95E0-74D23AAD681D}.Debug|Any CPU.ActiveCfg = Debug|Any CPU
		{8BDFF5A2-8757-48F6-95E0-74D23AAD681D}.Debug|Any CPU.Build.0 = Debug|Any CPU
		{8BDFF5A2-8757-48F6-95E0-74D23AAD681D}.Release|Any CPU.ActiveCfg = Release|Any CPU
		{8BDFF5A2-8757-48F6-95E0-74D23AAD681D}.Release|Any CPU.Build.0 = Release|Any CPU
		{96942C0C-4F62-4D9C-93F1-A923B144F1D2}.Debug|Any CPU.ActiveCfg = Debug|Any CPU
		{96942C0C-4F62-4D9C-93F1-A923B144F1D2}.Debug|Any CPU.Build.0 = Debug|Any CPU
		{96942C0C-4F62-4D9C-93F1-A923B144F1D2}.Release|Any CPU.ActiveCfg = Release|Any CPU
		{96942C0C-4F62-4D9C-93F1-A923B144F1D2}.Release|Any CPU.Build.0 = Release|Any CPU
		{8F0F86E2-7762-46B7-B021-60FD004CBE77}.Debug|Any CPU.ActiveCfg = Debug|Any CPU
		{8F0F86E2-7762-46B7-B021-60FD004CBE77}.Debug|Any CPU.Build.0 = Debug|Any CPU
		{8F0F86E2-7762-46B7-B021-60FD004CBE77}.Release|Any CPU.ActiveCfg = Release|Any CPU
		{8F0F86E2-7762-46B7-B021-60FD004CBE77}.Release|Any CPU.Build.0 = Release|Any CPU
		{00E71251-40E7-4AAD-8684-A474E88EA0F2}.Debug|Any CPU.ActiveCfg = Debug|Any CPU
		{00E71251-40E7-4AAD-8684-A474E88EA0F2}.Debug|Any CPU.Build.0 = Debug|Any CPU
		{00E71251-40E7-4AAD-8684-A474E88EA0F2}.Release|Any CPU.ActiveCfg = Release|Any CPU
		{00E71251-40E7-4AAD-8684-A474E88EA0F2}.Release|Any CPU.Build.0 = Release|Any CPU
		{D6DFC45F-F169-4441-9E84-6EA934F6B583}.Debug|Any CPU.ActiveCfg = Debug|Any CPU
		{D6DFC45F-F169-4441-9E84-6EA934F6B583}.Debug|Any CPU.Build.0 = Debug|Any CPU
		{D6DFC45F-F169-4441-9E84-6EA934F6B583}.Release|Any CPU.ActiveCfg = Release|Any CPU
		{D6DFC45F-F169-4441-9E84-6EA934F6B583}.Release|Any CPU.Build.0 = Release|Any CPU
		{6727C847-9E10-4B1E-B5DD-85CB91E6E16C}.Debug|Any CPU.ActiveCfg = Debug|Any CPU
		{6727C847-9E10-4B1E-B5DD-85CB91E6E16C}.Debug|Any CPU.Build.0 = Debug|Any CPU
		{6727C847-9E10-4B1E-B5DD-85CB91E6E16C}.Release|Any CPU.ActiveCfg = Release|Any CPU
		{6727C847-9E10-4B1E-B5DD-85CB91E6E16C}.Release|Any CPU.Build.0 = Release|Any CPU
		{96389166-B9F7-49D7-8B65-EA28804ECAA4}.Debug|Any CPU.ActiveCfg = Debug|Any CPU
		{96389166-B9F7-49D7-8B65-EA28804ECAA4}.Debug|Any CPU.Build.0 = Debug|Any CPU
		{96389166-B9F7-49D7-8B65-EA28804ECAA4}.Release|Any CPU.ActiveCfg = Release|Any CPU
		{96389166-B9F7-49D7-8B65-EA28804ECAA4}.Release|Any CPU.Build.0 = Release|Any CPU
		{85DE5E59-CB16-408F-B8A9-BEAA924F9AA8}.Debug|Any CPU.ActiveCfg = Debug|Any CPU
		{85DE5E59-CB16-408F-B8A9-BEAA924F9AA8}.Debug|Any CPU.Build.0 = Debug|Any CPU
		{85DE5E59-CB16-408F-B8A9-BEAA924F9AA8}.Release|Any CPU.ActiveCfg = Release|Any CPU
		{85DE5E59-CB16-408F-B8A9-BEAA924F9AA8}.Release|Any CPU.Build.0 = Release|Any CPU
		{C550E8A2-66B9-4132-B259-684B1E9C4844}.Debug|Any CPU.ActiveCfg = Debug|Any CPU
		{C550E8A2-66B9-4132-B259-684B1E9C4844}.Debug|Any CPU.Build.0 = Debug|Any CPU
		{C550E8A2-66B9-4132-B259-684B1E9C4844}.Release|Any CPU.ActiveCfg = Release|Any CPU
		{C550E8A2-66B9-4132-B259-684B1E9C4844}.Release|Any CPU.Build.0 = Release|Any CPU
		{5E5963DE-1539-4296-9129-C982066910C8}.Debug|Any CPU.ActiveCfg = Debug|Any CPU
		{5E5963DE-1539-4296-9129-C982066910C8}.Debug|Any CPU.Build.0 = Debug|Any CPU
		{5E5963DE-1539-4296-9129-C982066910C8}.Release|Any CPU.ActiveCfg = Release|Any CPU
		{5E5963DE-1539-4296-9129-C982066910C8}.Release|Any CPU.Build.0 = Release|Any CPU
		{20AC8343-1E56-490C-85A6-230C44CD3F88}.Debug|Any CPU.ActiveCfg = Debug|Any CPU
		{20AC8343-1E56-490C-85A6-230C44CD3F88}.Debug|Any CPU.Build.0 = Debug|Any CPU
		{20AC8343-1E56-490C-85A6-230C44CD3F88}.Release|Any CPU.ActiveCfg = Release|Any CPU
		{20AC8343-1E56-490C-85A6-230C44CD3F88}.Release|Any CPU.Build.0 = Release|Any CPU
		{94723476-5095-42D3-82E4-6EF912DDB9DB}.Debug|Any CPU.ActiveCfg = Debug|Any CPU
		{94723476-5095-42D3-82E4-6EF912DDB9DB}.Debug|Any CPU.Build.0 = Debug|Any CPU
		{94723476-5095-42D3-82E4-6EF912DDB9DB}.Release|Any CPU.ActiveCfg = Release|Any CPU
		{94723476-5095-42D3-82E4-6EF912DDB9DB}.Release|Any CPU.Build.0 = Release|Any CPU
		{575B23DD-5652-4EAE-AF02-D79D5F0FD5E2}.Debug|Any CPU.ActiveCfg = Debug|Any CPU
		{575B23DD-5652-4EAE-AF02-D79D5F0FD5E2}.Debug|Any CPU.Build.0 = Debug|Any CPU
		{575B23DD-5652-4EAE-AF02-D79D5F0FD5E2}.Release|Any CPU.ActiveCfg = Release|Any CPU
		{575B23DD-5652-4EAE-AF02-D79D5F0FD5E2}.Release|Any CPU.Build.0 = Release|Any CPU
		{6F2D9A89-BF21-4CB7-9E65-AA5C9F7C0697}.Debug|Any CPU.ActiveCfg = Debug|Any CPU
		{6F2D9A89-BF21-4CB7-9E65-AA5C9F7C0697}.Debug|Any CPU.Build.0 = Debug|Any CPU
		{6F2D9A89-BF21-4CB7-9E65-AA5C9F7C0697}.Release|Any CPU.ActiveCfg = Release|Any CPU
		{6F2D9A89-BF21-4CB7-9E65-AA5C9F7C0697}.Release|Any CPU.Build.0 = Release|Any CPU
		{4E5DB2BA-8C8D-4BFA-8F4D-196C22586446}.Debug|Any CPU.ActiveCfg = Debug|Any CPU
		{4E5DB2BA-8C8D-4BFA-8F4D-196C22586446}.Debug|Any CPU.Build.0 = Debug|Any CPU
		{4E5DB2BA-8C8D-4BFA-8F4D-196C22586446}.Release|Any CPU.ActiveCfg = Release|Any CPU
		{4E5DB2BA-8C8D-4BFA-8F4D-196C22586446}.Release|Any CPU.Build.0 = Release|Any CPU
		{DFFCE0C7-6DBD-43C1-96A2-B967C751385A}.Debug|Any CPU.ActiveCfg = Debug|Any CPU
		{DFFCE0C7-6DBD-43C1-96A2-B967C751385A}.Debug|Any CPU.Build.0 = Debug|Any CPU
		{DFFCE0C7-6DBD-43C1-96A2-B967C751385A}.Release|Any CPU.ActiveCfg = Release|Any CPU
		{DFFCE0C7-6DBD-43C1-96A2-B967C751385A}.Release|Any CPU.Build.0 = Release|Any CPU
	EndGlobalSection
	GlobalSection(SolutionProperties) = preSolution
		HideSolutionNode = FALSE
	EndGlobalSection
	GlobalSection(ExtensibilityGlobals) = postSolution
		SolutionGuid = {21EF341C-0F89-493C-B091-E781443DAAF5}
	EndGlobalSection
EndGlobal
